
Microsoft Visual Studio Solution File, Format Version 12.00
# Visual Studio Version 17
VisualStudioVersion = 17.13.35806.99 d17.13
MinimumVisualStudioVersion = 10.0.40219.1
Project("{FAE04EC0-301F-11D3-BF4B-00C04F79EFBC}") = "testing", "testing.csproj", "{14AB5095-EEE9-493C-AC00-F40B92E7B41F}"
EndProject
Global
	GlobalSection(SolutionConfigurationPlatforms) = preSolution
		Debug|Any CPU = Debug|Any CPU
		Debug|x64 = Debug|x64
		Release|Any CPU = Release|Any CPU
		Release|x64 = Release|x64
	EndGlobalSection
	GlobalSection(ProjectConfigurationPlatforms) = postSolution
		{14AB5095-EEE9-493C-AC00-F40B92E7B41F}.Debug|Any CPU.ActiveCfg = Debug|Any CPU
		{14AB5095-EEE9-493C-AC00-F40B92E7B41F}.Debug|Any CPU.Build.0 = Debug|Any CPU
		{14AB5095-EEE9-493C-AC00-F40B92E7B41F}.Debug|x64.ActiveCfg = Debug|x64
		{14AB5095-EEE9-493C-AC00-F40B92E7B41F}.Debug|x64.Build.0 = Debug|x64
		{14AB5095-EEE9-493C-AC00-F40B92E7B41F}.Release|Any CPU.ActiveCfg = Release|Any CPU
		{14AB5095-EEE9-493C-AC00-F40B92E7B41F}.Release|Any CPU.Build.0 = Release|Any CPU
		{14AB5095-EEE9-493C-AC00-F40B92E7B41F}.Release|x64.ActiveCfg = Release|Any CPU
		{14AB5095-EEE9-493C-AC00-F40B92E7B41F}.Release|x64.Build.0 = Release|Any CPU
	EndGlobalSection
	GlobalSection(SolutionProperties) = preSolution
		HideSolutionNode = FALSE
	EndGlobalSection
	GlobalSection(ExtensibilityGlobals) = postSolution
		SolutionGuid = {6BFC2FB4-0EAC-412B-BAF6-B65664F35E9F}
	EndGlobalSection
EndGlobal
